
Microsoft Visual Studio Solution File, Format Version 12.00
# Visual Studio 15
VisualStudioVersion = 15.0.27703.2000
MinimumVisualStudioVersion = 10.0.40219.1
Project("{FAE04EC0-301F-11D3-BF4B-00C04F79EFBC}") = "BlogManager", "BlogManager\BlogManager.csproj", "{1936AE04-7C06-4334-9D81-6490C70D02BC}"
EndProject
Project("{FAE04EC0-301F-11D3-BF4B-00C04F79EFBC}") = "BlogManager.Tests", "BlogManager.Tests\BlogManager.Tests.csproj", "{58CDB273-33FD-4D54-8E35-07DD8B331AD8}"
EndProject
Global
	GlobalSection(SolutionConfigurationPlatforms) = preSolution
		Debug|Any CPU = Debug|Any CPU
		Release|Any CPU = Release|Any CPU
	EndGlobalSection
	GlobalSection(ProjectConfigurationPlatforms) = postSolution
		{1936AE04-7C06-4334-9D81-6490C70D02BC}.Debug|Any CPU.ActiveCfg = Debug|Any CPU
		{1936AE04-7C06-4334-9D81-6490C70D02BC}.Debug|Any CPU.Build.0 = Debug|Any CPU
		{1936AE04-7C06-4334-9D81-6490C70D02BC}.Release|Any CPU.ActiveCfg = Release|Any CPU
		{1936AE04-7C06-4334-9D81-6490C70D02BC}.Release|Any CPU.Build.0 = Release|Any CPU
		{58CDB273-33FD-4D54-8E35-07DD8B331AD8}.Debug|Any CPU.ActiveCfg = Debug|Any CPU
		{58CDB273-33FD-4D54-8E35-07DD8B331AD8}.Debug|Any CPU.Build.0 = Debug|Any CPU
		{58CDB273-33FD-4D54-8E35-07DD8B331AD8}.Release|Any CPU.ActiveCfg = Release|Any CPU
		{58CDB273-33FD-4D54-8E35-07DD8B331AD8}.Release|Any CPU.Build.0 = Release|Any CPU
	EndGlobalSection
	GlobalSection(SolutionProperties) = preSolution
		HideSolutionNode = FALSE
	EndGlobalSection
	GlobalSection(ExtensibilityGlobals) = postSolution
		SolutionGuid = {BA6C6CA8-3550-4848-BA52-CE32405B97E6}
	EndGlobalSection
EndGlobal
